
Microsoft Visual Studio Solution File, Format Version 12.00
# Visual Studio Version 16
VisualStudioVersion = 16.0.31313.79
MinimumVisualStudioVersion = 10.0.40219.1
Project("{FAE04EC0-301F-11D3-BF4B-00C04F79EFBC}") = "UWP", "UWP\UWP.csproj", "{580AA1E5-CDDA-4DF1-B709-7BDD47470715}"
EndProject
Global
	GlobalSection(SolutionConfigurationPlatforms) = preSolution
		Debug|ARM = Debug|ARM
		Debug|ARM64 = Debug|ARM64
		Debug|x64 = Debug|x64
		Debug|x86 = Debug|x86
		Release|ARM = Release|ARM
		Release|ARM64 = Release|ARM64
		Release|x64 = Release|x64
		Release|x86 = Release|x86
	EndGlobalSection
	GlobalSection(ProjectConfigurationPlatforms) = postSolution
		{580AA1E5-CDDA-4DF1-B709-7BDD47470715}.Debug|ARM.ActiveCfg = Debug|ARM
		{580AA1E5-CDDA-4DF1-B709-7BDD47470715}.Debug|ARM.Build.0 = Debug|ARM
		{580AA1E5-CDDA-4DF1-B709-7BDD47470715}.Debug|ARM.Deploy.0 = Debug|ARM
		{580AA1E5-CDDA-4DF1-B709-7BDD47470715}.Debug|ARM64.ActiveCfg = Debug|ARM64
		{580AA1E5-CDDA-4DF1-B709-7BDD47470715}.Debug|ARM64.Build.0 = Debug|ARM64
		{580AA1E5-CDDA-4DF1-B709-7BDD47470715}.Debug|ARM64.Deploy.0 = Debug|ARM64
		{580AA1E5-CDDA-4DF1-B709-7BDD47470715}.Debug|x64.ActiveCfg = Debug|x64
		{580AA1E5-CDDA-4DF1-B709-7BDD47470715}.Debug|x64.Build.0 = Debug|x64
		{580AA1E5-CDDA-4DF1-B709-7BDD47470715}.Debug|x64.Deploy.0 = Debug|x64
		{580AA1E5-CDDA-4DF1-B709-7BDD47470715}.Debug|x86.ActiveCfg = Debug|x86
		{580AA1E5-CDDA-4DF1-B709-7BDD47470715}.Debug|x86.Build.0 = Debug|x86
		{580AA1E5-CDDA-4DF1-B709-7BDD47470715}.Debug|x86.Deploy.0 = Debug|x86
		{580AA1E5-CDDA-4DF1-B709-7BDD47470715}.Release|ARM.ActiveCfg = Release|ARM
		{580AA1E5-CDDA-4DF1-B709-7BDD47470715}.Release|ARM.Build.0 = Release|ARM
		{580AA1E5-CDDA-4DF1-B709-7BDD47470715}.Release|ARM.Deploy.0 = Release|ARM
		{580AA1E5-CDDA-4DF1-B709-7BDD47470715}.Release|ARM64.ActiveCfg = Release|ARM64
		{580AA1E5-CDDA-4DF1-B709-7BDD47470715}.Release|ARM64.Build.0 = Release|ARM64
		{580AA1E5-CDDA-4DF1-B709-7BDD47470715}.Release|ARM64.Deploy.0 = Release|ARM64
		{580AA1E5-CDDA-4DF1-B709-7BDD47470715}.Release|x64.ActiveCfg = Release|x64
		{580AA1E5-CDDA-4DF1-B709-7BDD47470715}.Release|x64.Build.0 = Release|x64
		{580AA1E5-CDDA-4DF1-B709-7BDD47470715}.Release|x64.Deploy.0 = Release|x64
		{580AA1E5-CDDA-4DF1-B709-7BDD47470715}.Release|x86.ActiveCfg = Release|x86
		{580AA1E5-CDDA-4DF1-B709-7BDD47470715}.Release|x86.Build.0 = Release|x86
		{580AA1E5-CDDA-4DF1-B709-7BDD47470715}.Release|x86.Deploy.0 = Release|x86
	EndGlobalSection
	GlobalSection(SolutionProperties) = preSolution
		HideSolutionNode = FALSE
	EndGlobalSection
	GlobalSection(ExtensibilityGlobals) = postSolution
		SolutionGuid = {099A25DF-4330-4A93-927D-D71579F60D2E}
	EndGlobalSection
EndGlobal
